
Microsoft Visual Studio Solution File, Format Version 12.00
# Visual Studio 15
VisualStudioVersion = 15.0.28307.271
MinimumVisualStudioVersion = 10.0.40219.1
Project("{FAE04EC0-301F-11D3-BF4B-00C04F79EFBC}") = "hw1q3_4", "hw1q3_4\hw1q3_4.csproj", "{59B82167-97CC-4677-95E7-9924EC6117EB}"
EndProject
Project("{FAE04EC0-301F-11D3-BF4B-00C04F79EFBC}") = "SelfHostingClient", "SelfHostingClient\SelfHostingClient.csproj", "{BDCD6736-48A4-4C21-BC98-01B0B25BADC0}"
EndProject
Global
	GlobalSection(SolutionConfigurationPlatforms) = preSolution
		Debug|Any CPU = Debug|Any CPU
		Release|Any CPU = Release|Any CPU
	EndGlobalSection
	GlobalSection(ProjectConfigurationPlatforms) = postSolution
		{59B82167-97CC-4677-95E7-9924EC6117EB}.Debug|Any CPU.ActiveCfg = Debug|Any CPU
		{59B82167-97CC-4677-95E7-9924EC6117EB}.Debug|Any CPU.Build.0 = Debug|Any CPU
		{59B82167-97CC-4677-95E7-9924EC6117EB}.Release|Any CPU.ActiveCfg = Release|Any CPU
		{59B82167-97CC-4677-95E7-9924EC6117EB}.Release|Any CPU.Build.0 = Release|Any CPU
		{BDCD6736-48A4-4C21-BC98-01B0B25BADC0}.Debug|Any CPU.ActiveCfg = Debug|Any CPU
		{BDCD6736-48A4-4C21-BC98-01B0B25BADC0}.Debug|Any CPU.Build.0 = Debug|Any CPU
		{BDCD6736-48A4-4C21-BC98-01B0B25BADC0}.Release|Any CPU.ActiveCfg = Release|Any CPU
		{BDCD6736-48A4-4C21-BC98-01B0B25BADC0}.Release|Any CPU.Build.0 = Release|Any CPU
	EndGlobalSection
	GlobalSection(SolutionProperties) = preSolution
		HideSolutionNode = FALSE
	EndGlobalSection
	GlobalSection(ExtensibilityGlobals) = postSolution
		SolutionGuid = {0548DB5A-0A34-4A0E-930B-6D09F1EF9652}
	EndGlobalSection
EndGlobal
