
Microsoft Visual Studio Solution File, Format Version 12.00
# Visual Studio 15
VisualStudioVersion = 15.0.28307.271
MinimumVisualStudioVersion = 10.0.40219.1
Project("{9A19103F-16F7-4668-BE54-9A1E7A4F7556}") = "LINQ_Query", "LINQ_Query\LINQ_Query.csproj", "{BA067C47-5812-4691-B32C-48EA372D4BB7}"
EndProject
Project("{2150E333-8FDC-42A3-9474-1A3956D46DE8}") = "Solution Items", "Solution Items", "{0FFB8638-C5FF-4BEE-87B1-283024B84B38}"
	ProjectSection(SolutionItems) = preProject
		LINQ_Query\bin\Debug\netcoreapp2.1\Courses.csv = LINQ_Query\bin\Debug\netcoreapp2.1\Courses.csv
		LINQ_Query\bin\Debug\netcoreapp2.1\Instructors.csv = LINQ_Query\bin\Debug\netcoreapp2.1\Instructors.csv
	EndProjectSection
EndProject
Global
	GlobalSection(SolutionConfigurationPlatforms) = preSolution
		Debug|Any CPU = Debug|Any CPU
		Release|Any CPU = Release|Any CPU
	EndGlobalSection
	GlobalSection(ProjectConfigurationPlatforms) = postSolution
		{BA067C47-5812-4691-B32C-48EA372D4BB7}.Debug|Any CPU.ActiveCfg = Debug|Any CPU
		{BA067C47-5812-4691-B32C-48EA372D4BB7}.Debug|Any CPU.Build.0 = Debug|Any CPU
		{BA067C47-5812-4691-B32C-48EA372D4BB7}.Release|Any CPU.ActiveCfg = Release|Any CPU
		{BA067C47-5812-4691-B32C-48EA372D4BB7}.Release|Any CPU.Build.0 = Release|Any CPU
	EndGlobalSection
	GlobalSection(SolutionProperties) = preSolution
		HideSolutionNode = FALSE
	EndGlobalSection
	GlobalSection(ExtensibilityGlobals) = postSolution
		SolutionGuid = {44B6A498-F8EA-4BD4-894A-29C17A0A825C}
	EndGlobalSection
EndGlobal
